
Microsoft Visual Studio Solution File, Format Version 12.00
# Visual Studio Version 16
VisualStudioVersion = 16.0.32630.194
MinimumVisualStudioVersion = 10.0.40219.1
Project("{FAE04EC0-301F-11D3-BF4B-00C04F79EFBC}") = "01-00-LINQ-to_objects", "01-00-LINQ-to_objects\01-00-LINQ-to_objects.csproj", "{1C56C68E-DF8E-43C5-A758-3333EDEC9107}"
EndProject
Project("{FAE04EC0-301F-11D3-BF4B-00C04F79EFBC}") = "01-01-Modos_diferido_e_inmediato", "01-01-Modos_diferido_e_inmediato\01-01-Modos_diferido_e_inmediato.csproj", "{A546B9DA-B638-40C1-94F1-721274D96440}"
EndProject
Global
	GlobalSection(SolutionConfigurationPlatforms) = preSolution
		Debug|Any CPU = Debug|Any CPU
		Release|Any CPU = Release|Any CPU
	EndGlobalSection
	GlobalSection(ProjectConfigurationPlatforms) = postSolution
		{1C56C68E-DF8E-43C5-A758-3333EDEC9107}.Debug|Any CPU.ActiveCfg = Debug|Any CPU
		{1C56C68E-DF8E-43C5-A758-3333EDEC9107}.Debug|Any CPU.Build.0 = Debug|Any CPU
		{1C56C68E-DF8E-43C5-A758-3333EDEC9107}.Release|Any CPU.ActiveCfg = Release|Any CPU
		{1C56C68E-DF8E-43C5-A758-3333EDEC9107}.Release|Any CPU.Build.0 = Release|Any CPU
		{A546B9DA-B638-40C1-94F1-721274D96440}.Debug|Any CPU.ActiveCfg = Debug|Any CPU
		{A546B9DA-B638-40C1-94F1-721274D96440}.Debug|Any CPU.Build.0 = Debug|Any CPU
		{A546B9DA-B638-40C1-94F1-721274D96440}.Release|Any CPU.ActiveCfg = Release|Any CPU
		{A546B9DA-B638-40C1-94F1-721274D96440}.Release|Any CPU.Build.0 = Release|Any CPU
	EndGlobalSection
	GlobalSection(SolutionProperties) = preSolution
		HideSolutionNode = FALSE
	EndGlobalSection
	GlobalSection(ExtensibilityGlobals) = postSolution
		SolutionGuid = {653BE59B-F895-4D53-9A9F-6FEF9521FECE}
	EndGlobalSection
EndGlobal
